
Microsoft Visual Studio Solution File, Format Version 12.00
# Visual Studio Version 17
VisualStudioVersion = 17.11.35222.181
MinimumVisualStudioVersion = 10.0.40219.1
Project("{FAE04EC0-301F-11D3-BF4B-00C04F79EFBC}") = "projeto_agenda_telefonica", "projeto_agenda_telefonica.csproj", "{AFEB1F46-CB2C-423C-A179-16D285A50B0A}"
EndProject
Global
	GlobalSection(SolutionConfigurationPlatforms) = preSolution
		Debug|Any CPU = Debug|Any CPU
		Release|Any CPU = Release|Any CPU
	EndGlobalSection
	GlobalSection(ProjectConfigurationPlatforms) = postSolution
		{AFEB1F46-CB2C-423C-A179-16D285A50B0A}.Debug|Any CPU.ActiveCfg = Debug|Any CPU
		{AFEB1F46-CB2C-423C-A179-16D285A50B0A}.Debug|Any CPU.Build.0 = Debug|Any CPU
		{AFEB1F46-CB2C-423C-A179-16D285A50B0A}.Release|Any CPU.ActiveCfg = Release|Any CPU
		{AFEB1F46-CB2C-423C-A179-16D285A50B0A}.Release|Any CPU.Build.0 = Release|Any CPU
	EndGlobalSection
	GlobalSection(SolutionProperties) = preSolution
		HideSolutionNode = FALSE
	EndGlobalSection
	GlobalSection(ExtensibilityGlobals) = postSolution
		SolutionGuid = {1A755433-DEEE-4160-961D-77905839FD8B}
	EndGlobalSection
EndGlobal
